
Microsoft Visual Studio Solution File, Format Version 12.00
# Visual Studio 15
VisualStudioVersion = 15.0.28307.705
MinimumVisualStudioVersion = 10.0.40219.1
Project("{FAE04EC0-301F-11D3-BF4B-00C04F79EFBC}") = "Vidly", "Vidly\Vidly.csproj", "{951B8C10-5735-416F-A1C1-5EE22A88ED1D}"
EndProject
Global
	GlobalSection(SolutionConfigurationPlatforms) = preSolution
		Debug|Any CPU = Debug|Any CPU
		Release|Any CPU = Release|Any CPU
	EndGlobalSection
	GlobalSection(ProjectConfigurationPlatforms) = postSolution
		{951B8C10-5735-416F-A1C1-5EE22A88ED1D}.Debug|Any CPU.ActiveCfg = Debug|Any CPU
		{951B8C10-5735-416F-A1C1-5EE22A88ED1D}.Debug|Any CPU.Build.0 = Debug|Any CPU
		{951B8C10-5735-416F-A1C1-5EE22A88ED1D}.Release|Any CPU.ActiveCfg = Release|Any CPU
		{951B8C10-5735-416F-A1C1-5EE22A88ED1D}.Release|Any CPU.Build.0 = Release|Any CPU
	EndGlobalSection
	GlobalSection(SolutionProperties) = preSolution
		HideSolutionNode = FALSE
	EndGlobalSection
	GlobalSection(ExtensibilityGlobals) = postSolution
		SolutionGuid = {28AE01C1-28EE-43C8-8967-F00FBDBED6C4}
	EndGlobalSection
EndGlobal
